{
  "name": "clean-starting-point",
  "version": "1.0.0",
  "lockfileVersion": 3,
  "requires": true,
  "packages": {
    "": {
      "name": "clean-starting-point",
      "version": "1.0.0",
      "license": "ISC",
      "dependencies": {
        "@types/arcgis-js-api": "^4.28.4",
        "arcgis-js-api": "^4.24.0"
      },
      "devDependencies": {
        "typescript": "3.7"
      }
    },
    "node_modules/@types/arcgis-js-api": {
      "version": "4.28.4",
      "resolved": "https://registry.npmjs.org/@types/arcgis-js-api/-/arcgis-js-api-4.28.4.tgz",
      "integrity": "sha512-a4/GU3XKTy2gB6vynna3wgLKVb8hbZebWY36GvJq2qG+vc6WQPUGr3hH3nOrlO4heOLri5UHc58Z1tFugppgoQ==",
      "deprecated": "This is a stub types definition. arcgis-js-api provides its own type definitions, so you do not need this installed.",
      "dependencies": {
        "arcgis-js-api": "*"
      }
    },
    "node_modules/arcgis-js-api": {
      "version": "4.24.0",
      "resolved": "https://registry.npmjs.org/arcgis-js-api/-/arcgis-js-api-4.24.0.tgz",
      "integrity": "sha512-aAf/ATxUtYkOPk+19ZwOAsOWBBcsn2xYTehwj6O5/saZfSDM8xxOji85PbVWZxOcFOI4alnNDOUEKVYXfS4xfg==",
      "deprecated": "Use @arcgis/core instead."
    },
    "node_modules/typescript": {
      "version": "3.7.7",
      "resolved": "https://registry.npmjs.org/typescript/-/typescript-3.7.7.tgz",
      "integrity": "sha512-MmQdgo/XenfZPvVLtKZOq9jQQvzaUAUpcKW8Z43x9B2fOm4S5g//tPtMweZUIP+SoBqrVPEIm+dJeQ9dfO0QdA==",
      "dev": true,
      "bin": {
        "tsc": "bin/tsc",
        "tsserver": "bin/tsserver"
      },
      "engines": {
        "node": ">=4.2.0"
      }
    }
  }
}
